
Microsoft Visual Studio Solution File, Format Version 12.00
# Visual Studio Version 16
VisualStudioVersion = 16.0.30503.244
MinimumVisualStudioVersion = 10.0.40219.1
Project("{FAE04EC0-301F-11D3-BF4B-00C04F79EFBC}") = "HenryCollab", "HenryCollab.csproj", "{D4A40D70-F5D1-48C5-ABFD-90FB0499F9CC}"
EndProject
Global
	GlobalSection(SolutionConfigurationPlatforms) = preSolution
		Debug|Any CPU = Debug|Any CPU
		Release|Any CPU = Release|Any CPU
	EndGlobalSection
	GlobalSection(ProjectConfigurationPlatforms) = postSolution
		{D4A40D70-F5D1-48C5-ABFD-90FB0499F9CC}.Debug|Any CPU.ActiveCfg = Debug|Any CPU
		{D4A40D70-F5D1-48C5-ABFD-90FB0499F9CC}.Debug|Any CPU.Build.0 = Debug|Any CPU
		{D4A40D70-F5D1-48C5-ABFD-90FB0499F9CC}.Release|Any CPU.ActiveCfg = Release|Any CPU
		{D4A40D70-F5D1-48C5-ABFD-90FB0499F9CC}.Release|Any CPU.Build.0 = Release|Any CPU
	EndGlobalSection
	GlobalSection(SolutionProperties) = preSolution
		HideSolutionNode = FALSE
	EndGlobalSection
	GlobalSection(ExtensibilityGlobals) = postSolution
		SolutionGuid = {11E7E953-379A-4999-99EC-70BBF6384F16}
	EndGlobalSection
EndGlobal
